// !$*UTF8*$!
{
	archiveVersion = 1;
	classes = {
	};
	objectVersion = 50;
	objects = {

/* Begin PBXBuildFile section */
		E38052BC2660E21D0093EDA8 /* AppDelegate.swift in Sources */ = {isa = PBXBuildFile; fileRef = E38052BB2660E21D0093EDA8 /* AppDelegate.swift */; };
		E38052BE2660E21D0093EDA8 /* SceneDelegate.swift in Sources */ = {isa = PBXBuildFile; fileRef = E38052BD2660E21D0093EDA8 /* SceneDelegate.swift */; };
		E38052C02660E21D0093EDA8 /* ViewController.swift in Sources */ = {isa = PBXBuildFile; fileRef = E38052BF2660E21D0093EDA8 /* ViewController.swift */; };
		E38052C32660E21D0093EDA8 /* Main.storyboard in Resources */ = {isa = PBXBuildFile; fileRef = E38052C12660E21D0093EDA8 /* Main.storyboard */; };
		E38052C52660E2200093EDA8 /* Assets.xcassets in Resources */ = {isa = PBXBuildFile; fileRef = E38052C42660E2200093EDA8 /* Assets.xcassets */; };
		E38052C82660E2200093EDA8 /* LaunchScreen.storyboard in Resources */ = {isa = PBXBuildFile; fileRef = E38052C62660E2200093EDA8 /* LaunchScreen.storyboard */; };
		E38052D32660E2200093EDA8 /* BlogsTests.swift in Sources */ = {isa = PBXBuildFile; fileRef = E38052D22660E2200093EDA8 /* BlogsTests.swift */; };
		E38052DE2660E2210093EDA8 /* BlogsUITests.swift in Sources */ = {isa = PBXBuildFile; fileRef = E38052DD2660E2210093EDA8 /* BlogsUITests.swift */; };
		E38052F72660E3ED0093EDA8 /* NetworkService.swift in Sources */ = {isa = PBXBuildFile; fileRef = E38052F62660E3ED0093EDA8 /* NetworkService.swift */; };
		E38052F82660E3F00093EDA8 /* NetworkService.swift in Sources */ = {isa = PBXBuildFile; fileRef = E38052F62660E3ED0093EDA8 /* NetworkService.swift */; };
		E38052FA2660E6CC0093EDA8 /* NetworkLogger.swift in Sources */ = {isa = PBXBuildFile; fileRef = E38052F92660E6CC0093EDA8 /* NetworkLogger.swift */; };
		E38052FB2660E6CC0093EDA8 /* NetworkLogger.swift in Sources */ = {isa = PBXBuildFile; fileRef = E38052F92660E6CC0093EDA8 /* NetworkLogger.swift */; };
		E38052FF2660E7D80093EDA8 /* PostsEndpoint.swift in Sources */ = {isa = PBXBuildFile; fileRef = E38052FE2660E7D80093EDA8 /* PostsEndpoint.swift */; };
		E38053002660E7D80093EDA8 /* PostsEndpoint.swift in Sources */ = {isa = PBXBuildFile; fileRef = E38052FE2660E7D80093EDA8 /* PostsEndpoint.swift */; };
		E38053022660E8AF0093EDA8 /* PostsWebService.swift in Sources */ = {isa = PBXBuildFile; fileRef = E38053012660E8AF0093EDA8 /* PostsWebService.swift */; };
		E38053032660E8AF0093EDA8 /* PostsWebService.swift in Sources */ = {isa = PBXBuildFile; fileRef = E38053012660E8AF0093EDA8 /* PostsWebService.swift */; };
/* End PBXBuildFile section */

/* Begin PBXContainerItemProxy section */
		E38052CF2660E2200093EDA8 /* PBXContainerItemProxy */ = {
			isa = PBXContainerItemProxy;
			containerPortal = E38052B02660E21D0093EDA8 /* Project object */;
			proxyType = 1;
			remoteGlobalIDString = E38052B72660E21D0093EDA8;
			remoteInfo = Blogs;
		};
		E38052DA2660E2200093EDA8 /* PBXContainerItemProxy */ = {
			isa = PBXContainerItemProxy;
			containerPortal = E38052B02660E21D0093EDA8 /* Project object */;
			proxyType = 1;
			remoteGlobalIDString = E38052B72660E21D0093EDA8;
			remoteInfo = Blogs;
		};
/* End PBXContainerItemProxy section */

/* Begin PBXFileReference section */
		E38052B82660E21D0093EDA8 /* Blogs.app */ = {isa = PBXFileReference; explicitFileType = wrapper.application; includeInIndex = 0; path = Blogs.app; sourceTree = BUILT_PRODUCTS_DIR; };
		E38052BB2660E21D0093EDA8 /* AppDelegate.swift */ = {isa = PBXFileReference; lastKnownFileType = sourcecode.swift; path = AppDelegate.swift; sourceTree = "<group>"; };
		E38052BD2660E21D0093EDA8 /* SceneDelegate.swift */ = {isa = PBXFileReference; lastKnownFileType = sourcecode.swift; path = SceneDelegate.swift; sourceTree = "<group>"; };
		E38052BF2660E21D0093EDA8 /* ViewController.swift */ = {isa = PBXFileReference; lastKnownFileType = sourcecode.swift; path = ViewController.swift; sourceTree = "<group>"; };
		E38052C22660E21D0093EDA8 /* Base */ = {isa = PBXFileReference; lastKnownFileType = file.storyboard; name = Base; path = Base.lproj/Main.storyboard; sourceTree = "<group>"; };
		E38052C42660E2200093EDA8 /* Assets.xcassets */ = {isa = PBXFileReference; lastKnownFileType = folder.assetcatalog; path = Assets.xcassets; sourceTree = "<group>"; };
		E38052C72660E2200093EDA8 /* Base */ = {isa = PBXFileReference; lastKnownFileType = file.storyboard; name = Base; path = Base.lproj/LaunchScreen.storyboard; sourceTree = "<group>"; };
		E38052C92660E2200093EDA8 /* Info.plist */ = {isa = PBXFileReference; lastKnownFileType = text.plist.xml; path = Info.plist; sourceTree = "<group>"; };
		E38052CE2660E2200093EDA8 /* BlogsTests.xctest */ = {isa = PBXFileReference; explicitFileType = wrapper.cfbundle; includeInIndex = 0; path = BlogsTests.xctest; sourceTree = BUILT_PRODUCTS_DIR; };
		E38052D22660E2200093EDA8 /* BlogsTests.swift */ = {isa = PBXFileReference; lastKnownFileType = sourcecode.swift; path = BlogsTests.swift; sourceTree = "<group>"; };
		E38052D42660E2200093EDA8 /* Info.plist */ = {isa = PBXFileReference; lastKnownFileType = text.plist.xml; path = Info.plist; sourceTree = "<group>"; };
		E38052D92660E2200093EDA8 /* BlogsUITests.xctest */ = {isa = PBXFileReference; explicitFileType = wrapper.cfbundle; includeInIndex = 0; path = BlogsUITests.xctest; sourceTree = BUILT_PRODUCTS_DIR; };
		E38052DD2660E2210093EDA8 /* BlogsUITests.swift */ = {isa = PBXFileReference; lastKnownFileType = sourcecode.swift; path = BlogsUITests.swift; sourceTree = "<group>"; };
		E38052DF2660E2210093EDA8 /* Info.plist */ = {isa = PBXFileReference; lastKnownFileType = text.plist.xml; path = Info.plist; sourceTree = "<group>"; };
		E38052F62660E3ED0093EDA8 /* NetworkService.swift */ = {isa = PBXFileReference; lastKnownFileType = sourcecode.swift; path = NetworkService.swift; sourceTree = "<group>"; };
		E38052F92660E6CC0093EDA8 /* NetworkLogger.swift */ = {isa = PBXFileReference; lastKnownFileType = sourcecode.swift; path = NetworkLogger.swift; sourceTree = "<group>"; };
		E38052FE2660E7D80093EDA8 /* PostsEndpoint.swift */ = {isa = PBXFileReference; lastKnownFileType = sourcecode.swift; path = PostsEndpoint.swift; sourceTree = "<group>"; };
		E38053012660E8AF0093EDA8 /* PostsWebService.swift */ = {isa = PBXFileReference; lastKnownFileType = sourcecode.swift; path = PostsWebService.swift; sourceTree = "<group>"; };
/* End PBXFileReference section */

/* Begin PBXFrameworksBuildPhase section */
		E38052B52660E21D0093EDA8 /* Frameworks */ = {
			isa = PBXFrameworksBuildPhase;
			buildActionMask = 2147483647;
			files = (
			);
			runOnlyForDeploymentPostprocessing = 0;
		};
		E38052CB2660E2200093EDA8 /* Frameworks */ = {
			isa = PBXFrameworksBuildPhase;
			buildActionMask = 2147483647;
			files = (
			);
			runOnlyForDeploymentPostprocessing = 0;
		};
		E38052D62660E2200093EDA8 /* Frameworks */ = {
			isa = PBXFrameworksBuildPhase;
			buildActionMask = 2147483647;
			files = (
			);
			runOnlyForDeploymentPostprocessing = 0;
		};
/* End PBXFrameworksBuildPhase section */

/* Begin PBXGroup section */
		E38052AF2660E21D0093EDA8 = {
			isa = PBXGroup;
			children = (
				E38052BA2660E21D0093EDA8 /* Blogs */,
				E38052D12660E2200093EDA8 /* BlogsTests */,
				E38052DC2660E2200093EDA8 /* BlogsUITests */,
				E38052B92660E21D0093EDA8 /* Products */,
			);
			sourceTree = "<group>";
		};
		E38052B92660E21D0093EDA8 /* Products */ = {
			isa = PBXGroup;
			children = (
				E38052B82660E21D0093EDA8 /* Blogs.app */,
				E38052CE2660E2200093EDA8 /* BlogsTests.xctest */,
				E38052D92660E2200093EDA8 /* BlogsUITests.xctest */,
			);
			name = Products;
			sourceTree = "<group>";
		};
		E38052BA2660E21D0093EDA8 /* Blogs */ = {
			isa = PBXGroup;
			children = (
				E38052ED2660E2780093EDA8 /* Resource */,
				E38052EB2660E25D0093EDA8 /* Source */,
				E38052EC2660E26E0093EDA8 /* Storyboards */,
				E38052EE2660E2800093EDA8 /* SupportFiles */,
			);
			path = Blogs;
			sourceTree = "<group>";
		};
		E38052D12660E2200093EDA8 /* BlogsTests */ = {
			isa = PBXGroup;
			children = (
				E38052EF2660E2A20093EDA8 /* TestCases */,
				E38052F02660E2AD0093EDA8 /* SupportFiles */,
			);
			path = BlogsTests;
			sourceTree = "<group>";
		};
		E38052DC2660E2200093EDA8 /* BlogsUITests */ = {
			isa = PBXGroup;
			children = (
				E38052F12660E2B20093EDA8 /* TestCases */,
				E38052F22660E2C00093EDA8 /* SupportFiles */,
			);
			path = BlogsUITests;
			sourceTree = "<group>";
		};
		E38052EB2660E25D0093EDA8 /* Source */ = {
			isa = PBXGroup;
			children = (
				E38052F32660E3870093EDA8 /* Networkings */,
				E38052F42660E3C70093EDA8 /* Delegates */,
				E38052F52660E3D50093EDA8 /* ViewControllers */,
			);
			path = Source;
			sourceTree = "<group>";
		};
		E38052EC2660E26E0093EDA8 /* Storyboards */ = {
			isa = PBXGroup;
			children = (
				E38052C12660E21D0093EDA8 /* Main.storyboard */,
				E38052C62660E2200093EDA8 /* LaunchScreen.storyboard */,
			);
			path = Storyboards;
			sourceTree = "<group>";
		};
		E38052ED2660E2780093EDA8 /* Resource */ = {
			isa = PBXGroup;
			children = (
				E38052C42660E2200093EDA8 /* Assets.xcassets */,
			);
			path = Resource;
			sourceTree = "<group>";
		};
		E38052EE2660E2800093EDA8 /* SupportFiles */ = {
			isa = PBXGroup;
			children = (
				E38052C92660E2200093EDA8 /* Info.plist */,
			);
			path = SupportFiles;
			sourceTree = "<group>";
		};
		E38052EF2660E2A20093EDA8 /* TestCases */ = {
			isa = PBXGroup;
			children = (
				E38052D22660E2200093EDA8 /* BlogsTests.swift */,
			);
			path = TestCases;
			sourceTree = "<group>";
		};
		E38052F02660E2AD0093EDA8 /* SupportFiles */ = {
			isa = PBXGroup;
			children = (
				E38052D42660E2200093EDA8 /* Info.plist */,
			);
			path = SupportFiles;
			sourceTree = "<group>";
		};
		E38052F12660E2B20093EDA8 /* TestCases */ = {
			isa = PBXGroup;
			children = (
				E38052DD2660E2210093EDA8 /* BlogsUITests.swift */,
			);
			path = TestCases;
			sourceTree = "<group>";
		};
		E38052F22660E2C00093EDA8 /* SupportFiles */ = {
			isa = PBXGroup;
			children = (
				E38052DF2660E2210093EDA8 /* Info.plist */,
			);
			path = SupportFiles;
			sourceTree = "<group>";
		};
		E38052F32660E3870093EDA8 /* Networkings */ = {
			isa = PBXGroup;
			children = (
				E38052FD2660E7BF0093EDA8 /* PostsWebService */,
				E38052FC2660E7B30093EDA8 /* BaseSetup */,
			);
			path = Networkings;
			sourceTree = "<group>";
		};
		E38052F42660E3C70093EDA8 /* Delegates */ = {
			isa = PBXGroup;
			children = (
				E38052BB2660E21D0093EDA8 /* AppDelegate.swift */,
				E38052BD2660E21D0093EDA8 /* SceneDelegate.swift */,
			);
			path = Delegates;
			sourceTree = "<group>";
		};
		E38052F52660E3D50093EDA8 /* ViewControllers */ = {
			isa = PBXGroup;
			children = (
				E38052BF2660E21D0093EDA8 /* ViewController.swift */,
			);
			path = ViewControllers;
			sourceTree = "<group>";
		};
		E38052FC2660E7B30093EDA8 /* BaseSetup */ = {
			isa = PBXGroup;
			children = (
				E38052F62660E3ED0093EDA8 /* NetworkService.swift */,
				E38052F92660E6CC0093EDA8 /* NetworkLogger.swift */,
			);
			path = BaseSetup;
			sourceTree = "<group>";
		};
		E38052FD2660E7BF0093EDA8 /* PostsWebService */ = {
			isa = PBXGroup;
			children = (
				E38052FE2660E7D80093EDA8 /* PostsEndpoint.swift */,
				E38053012660E8AF0093EDA8 /* PostsWebService.swift */,
			);
			path = PostsWebService;
			sourceTree = "<group>";
		};
/* End PBXGroup section */

/* Begin PBXNativeTarget section */
		E38052B72660E21D0093EDA8 /* Blogs */ = {
			isa = PBXNativeTarget;
			buildConfigurationList = E38052E22660E2210093EDA8 /* Build configuration list for PBXNativeTarget "Blogs" */;
			buildPhases = (
				E38052B42660E21D0093EDA8 /* Sources */,
				E38052B52660E21D0093EDA8 /* Frameworks */,
				E38052B62660E21D0093EDA8 /* Resources */,
			);
			buildRules = (
			);
			dependencies = (
			);
			name = Blogs;
			productName = Blogs;
			productReference = E38052B82660E21D0093EDA8 /* Blogs.app */;
			productType = "com.apple.product-type.application";
		};
		E38052CD2660E2200093EDA8 /* BlogsTests */ = {
			isa = PBXNativeTarget;
			buildConfigurationList = E38052E52660E2210093EDA8 /* Build configuration list for PBXNativeTarget "BlogsTests" */;
			buildPhases = (
				E38052CA2660E2200093EDA8 /* Sources */,
				E38052CB2660E2200093EDA8 /* Frameworks */,
				E38052CC2660E2200093EDA8 /* Resources */,
			);
			buildRules = (
			);
			dependencies = (
				E38052D02660E2200093EDA8 /* PBXTargetDependency */,
			);
			name = BlogsTests;
			productName = BlogsTests;
			productReference = E38052CE2660E2200093EDA8 /* BlogsTests.xctest */;
			productType = "com.apple.product-type.bundle.unit-test";
		};
		E38052D82660E2200093EDA8 /* BlogsUITests */ = {
			isa = PBXNativeTarget;
			buildConfigurationList = E38052E82660E2210093EDA8 /* Build configuration list for PBXNativeTarget "BlogsUITests" */;
			buildPhases = (
				E38052D52660E2200093EDA8 /* Sources */,
				E38052D62660E2200093EDA8 /* Frameworks */,
				E38052D72660E2200093EDA8 /* Resources */,
			);
			buildRules = (
			);
			dependencies = (
				E38052DB2660E2200093EDA8 /* PBXTargetDependency */,
			);
			name = BlogsUITests;
			productName = BlogsUITests;
			productReference = E38052D92660E2200093EDA8 /* BlogsUITests.xctest */;
			productType = "com.apple.product-type.bundle.ui-testing";
		};
/* End PBXNativeTarget section */

/* Begin PBXProject section */
		E38052B02660E21D0093EDA8 /* Project object */ = {
			isa = PBXProject;
			attributes = {
				LastSwiftUpdateCheck = 1250;
				LastUpgradeCheck = 1250;
				TargetAttributes = {
					E38052B72660E21D0093EDA8 = {
						CreatedOnToolsVersion = 12.5;
					};
					E38052CD2660E2200093EDA8 = {
						CreatedOnToolsVersion = 12.5;
						TestTargetID = E38052B72660E21D0093EDA8;
					};
					E38052D82660E2200093EDA8 = {
						CreatedOnToolsVersion = 12.5;
						TestTargetID = E38052B72660E21D0093EDA8;
					};
				};
			};
			buildConfigurationList = E38052B32660E21D0093EDA8 /* Build configuration list for PBXProject "Blogs" */;
			compatibilityVersion = "Xcode 9.3";
			developmentRegion = en;
			hasScannedForEncodings = 0;
			knownRegions = (
				en,
				Base,
			);
			mainGroup = E38052AF2660E21D0093EDA8;
			productRefGroup = E38052B92660E21D0093EDA8 /* Products */;
			projectDirPath = "";
			projectRoot = "";
			targets = (
				E38052B72660E21D0093EDA8 /* Blogs */,
				E38052CD2660E2200093EDA8 /* BlogsTests */,
				E38052D82660E2200093EDA8 /* BlogsUITests */,
			);
		};
/* End PBXProject section */

/* Begin PBXResourcesBuildPhase section */
		E38052B62660E21D0093EDA8 /* Resources */ = {
			isa = PBXResourcesBuildPhase;
			buildActionMask = 2147483647;
			files = (
				E38052C82660E2200093EDA8 /* LaunchScreen.storyboard in Resources */,
				E38052C52660E2200093EDA8 /* Assets.xcassets in Resources */,
				E38052C32660E21D0093EDA8 /* Main.storyboard in Resources */,
			);
			runOnlyForDeploymentPostprocessing = 0;
		};
		E38052CC2660E2200093EDA8 /* Resources */ = {
			isa = PBXResourcesBuildPhase;
			buildActionMask = 2147483647;
			files = (
			);
			runOnlyForDeploymentPostprocessing = 0;
		};
		E38052D72660E2200093EDA8 /* Resources */ = {
			isa = PBXResourcesBuildPhase;
			buildActionMask = 2147483647;
			files = (
			);
			runOnlyForDeploymentPostprocessing = 0;
		};
/* End PBXResourcesBuildPhase section */

/* Begin PBXSourcesBuildPhase section */
		E38052B42660E21D0093EDA8 /* Sources */ = {
			isa = PBXSourcesBuildPhase;
			buildActionMask = 2147483647;
			files = (
				E38052FA2660E6CC0093EDA8 /* NetworkLogger.swift in Sources */,
				E38052C02660E21D0093EDA8 /* ViewController.swift in Sources */,
				E38052FF2660E7D80093EDA8 /* PostsEndpoint.swift in Sources */,
				E38052BC2660E21D0093EDA8 /* AppDelegate.swift in Sources */,
				E38052F72660E3ED0093EDA8 /* NetworkService.swift in Sources */,
				E38053022660E8AF0093EDA8 /* PostsWebService.swift in Sources */,
				E38052BE2660E21D0093EDA8 /* SceneDelegate.swift in Sources */,
			);
			runOnlyForDeploymentPostprocessing = 0;
		};
		E38052CA2660E2200093EDA8 /* Sources */ = {
			isa = PBXSourcesBuildPhase;
			buildActionMask = 2147483647;
			files = (
				E38053002660E7D80093EDA8 /* PostsEndpoint.swift in Sources */,
				E38052FB2660E6CC0093EDA8 /* NetworkLogger.swift in Sources */,
				E38052F82660E3F00093EDA8 /* NetworkService.swift in Sources */,
				E38053032660E8AF0093EDA8 /* PostsWebService.swift in Sources */,
				E38052D32660E2200093EDA8 /* BlogsTests.swift in Sources */,
			);
			runOnlyForDeploymentPostprocessing = 0;
		};
		E38052D52660E2200093EDA8 /* Sources */ = {
			isa = PBXSourcesBuildPhase;
			buildActionMask = 2147483647;
			files = (
				E38052DE2660E2210093EDA8 /* BlogsUITests.swift in Sources */,
			);
			runOnlyForDeploymentPostprocessing = 0;
		};
/* End PBXSourcesBuildPhase section */

/* Begin PBXTargetDependency section */
		E38052D02660E2200093EDA8 /* PBXTargetDependency */ = {
			isa = PBXTargetDependency;
			target = E38052B72660E21D0093EDA8 /* Blogs */;
			targetProxy = E38052CF2660E2200093EDA8 /* PBXContainerItemProxy */;
		};
		E38052DB2660E2200093EDA8 /* PBXTargetDependency */ = {
			isa = PBXTargetDependency;
			target = E38052B72660E21D0093EDA8 /* Blogs */;
			targetProxy = E38052DA2660E2200093EDA8 /* PBXContainerItemProxy */;
		};
/* End PBXTargetDependency section */

/* Begin PBXVariantGroup section */
		E38052C12660E21D0093EDA8 /* Main.storyboard */ = {
			isa = PBXVariantGroup;
			children = (
				E38052C22660E21D0093EDA8 /* Base */,
			);
			name = Main.storyboard;
			sourceTree = "<group>";
		};
		E38052C62660E2200093EDA8 /* LaunchScreen.storyboard */ = {
			isa = PBXVariantGroup;
			children = (
				E38052C72660E2200093EDA8 /* Base */,
			);
			name = LaunchScreen.storyboard;
			sourceTree = "<group>";
		};
/* End PBXVariantGroup section */

/* Begin XCBuildConfiguration section */
		E38052E02660E2210093EDA8 /* Debug */ = {
			isa = XCBuildConfiguration;
			buildSettings = {
				ALWAYS_SEARCH_USER_PATHS = NO;
				CLANG_ANALYZER_NONNULL = YES;
				CLANG_ANALYZER_NUMBER_OBJECT_CONVERSION = YES_AGGRESSIVE;
				CLANG_CXX_LANGUAGE_STANDARD = "gnu++14";
				CLANG_CXX_LIBRARY = "libc++";
				CLANG_ENABLE_MODULES = YES;
				CLANG_ENABLE_OBJC_ARC = YES;
				CLANG_ENABLE_OBJC_WEAK = YES;
				CLANG_WARN_BLOCK_CAPTURE_AUTORELEASING = YES;
				CLANG_WARN_BOOL_CONVERSION = YES;
				CLANG_WARN_COMMA = YES;
				CLANG_WARN_CONSTANT_CONVERSION = YES;
				CLANG_WARN_DEPRECATED_OBJC_IMPLEMENTATIONS = YES;
				CLANG_WARN_DIRECT_OBJC_ISA_USAGE = YES_ERROR;
				CLANG_WARN_DOCUMENTATION_COMMENTS = YES;
				CLANG_WARN_EMPTY_BODY = YES;
				CLANG_WARN_ENUM_CONVERSION = YES;
				CLANG_WARN_INFINITE_RECURSION = YES;
				CLANG_WARN_INT_CONVERSION = YES;
				CLANG_WARN_NON_LITERAL_NULL_CONVERSION = YES;
				CLANG_WARN_OBJC_IMPLICIT_RETAIN_SELF = YES;
				CLANG_WARN_OBJC_LITERAL_CONVERSION = YES;
				CLANG_WARN_OBJC_ROOT_CLASS = YES_ERROR;
				CLANG_WARN_QUOTED_INCLUDE_IN_FRAMEWORK_HEADER = YES;
				CLANG_WARN_RANGE_LOOP_ANALYSIS = YES;
				CLANG_WARN_STRICT_PROTOTYPES = YES;
				CLANG_WARN_SUSPICIOUS_MOVE = YES;
				CLANG_WARN_UNGUARDED_AVAILABILITY = YES_AGGRESSIVE;
				CLANG_WARN_UNREACHABLE_CODE = YES;
				CLANG_WARN__DUPLICATE_METHOD_MATCH = YES;
				COPY_PHASE_STRIP = NO;
				DEBUG_INFORMATION_FORMAT = dwarf;
				ENABLE_STRICT_OBJC_MSGSEND = YES;
				ENABLE_TESTABILITY = YES;
				GCC_C_LANGUAGE_STANDARD = gnu11;
				GCC_DYNAMIC_NO_PIC = NO;
				GCC_NO_COMMON_BLOCKS = YES;
				GCC_OPTIMIZATION_LEVEL = 0;
				GCC_PREPROCESSOR_DEFINITIONS = (
					"DEBUG=1",
					"$(inherited)",
				);
				GCC_WARN_64_TO_32_BIT_CONVERSION = YES;
				GCC_WARN_ABOUT_RETURN_TYPE = YES_ERROR;
				GCC_WARN_UNDECLARED_SELECTOR = YES;
				GCC_WARN_UNINITIALIZED_AUTOS = YES_AGGRESSIVE;
				GCC_WARN_UNUSED_FUNCTION = YES;
				GCC_WARN_UNUSED_VARIABLE = YES;
				IPHONEOS_DEPLOYMENT_TARGET = 14.5;
				MTL_ENABLE_DEBUG_INFO = INCLUDE_SOURCE;
				MTL_FAST_MATH = YES;
				ONLY_ACTIVE_ARCH = YES;
				SDKROOT = iphoneos;
				SWIFT_ACTIVE_COMPILATION_CONDITIONS = DEBUG;
				SWIFT_OPTIMIZATION_LEVEL = "-Onone";
			};
			name = Debug;
		};
		E38052E12660E2210093EDA8 /* Release */ = {
			isa = XCBuildConfiguration;
			buildSettings = {
				ALWAYS_SEARCH_USER_PATHS = NO;
				CLANG_ANALYZER_NONNULL = YES;
				CLANG_ANALYZER_NUMBER_OBJECT_CONVERSION = YES_AGGRESSIVE;
				CLANG_CXX_LANGUAGE_STANDARD = "gnu++14";
				CLANG_CXX_LIBRARY = "libc++";
				CLANG_ENABLE_MODULES = YES;
				CLANG_ENABLE_OBJC_ARC = YES;
				CLANG_ENABLE_OBJC_WEAK = YES;
				CLANG_WARN_BLOCK_CAPTURE_AUTORELEASING = YES;
				CLANG_WARN_BOOL_CONVERSION = YES;
				CLANG_WARN_COMMA = YES;
				CLANG_WARN_CONSTANT_CONVERSION = YES;
				CLANG_WARN_DEPRECATED_OBJC_IMPLEMENTATIONS = YES;
				CLANG_WARN_DIRECT_OBJC_ISA_USAGE = YES_ERROR;
				CLANG_WARN_DOCUMENTATION_COMMENTS = YES;
				CLANG_WARN_EMPTY_BODY = YES;
				CLANG_WARN_ENUM_CONVERSION = YES;
				CLANG_WARN_INFINITE_RECURSION = YES;
				CLANG_WARN_INT_CONVERSION = YES;
				CLANG_WARN_NON_LITERAL_NULL_CONVERSION = YES;
				CLANG_WARN_OBJC_IMPLICIT_RETAIN_SELF = YES;
				CLANG_WARN_OBJC_LITERAL_CONVERSION = YES;
				CLANG_WARN_OBJC_ROOT_CLASS = YES_ERROR;
				CLANG_WARN_QUOTED_INCLUDE_IN_FRAMEWORK_HEADER = YES;
				CLANG_WARN_RANGE_LOOP_ANALYSIS = YES;
				CLANG_WARN_STRICT_PROTOTYPES = YES;
				CLANG_WARN_SUSPICIOUS_MOVE = YES;
				CLANG_WARN_UNGUARDED_AVAILABILITY = YES_AGGRESSIVE;
				CLANG_WARN_UNREACHABLE_CODE = YES;
				CLANG_WARN__DUPLICATE_METHOD_MATCH = YES;
				COPY_PHASE_STRIP = NO;
				DEBUG_INFORMATION_FORMAT = "dwarf-with-dsym";
				ENABLE_NS_ASSERTIONS = NO;
				ENABLE_STRICT_OBJC_MSGSEND = YES;
				GCC_C_LANGUAGE_STANDARD = gnu11;
				GCC_NO_COMMON_BLOCKS = YES;
				GCC_WARN_64_TO_32_BIT_CONVERSION = YES;
				GCC_WARN_ABOUT_RETURN_TYPE = YES_ERROR;
				GCC_WARN_UNDECLARED_SELECTOR = YES;
				GCC_WARN_UNINITIALIZED_AUTOS = YES_AGGRESSIVE;
				GCC_WARN_UNUSED_FUNCTION = YES;
				GCC_WARN_UNUSED_VARIABLE = YES;
				IPHONEOS_DEPLOYMENT_TARGET = 14.5;
				MTL_ENABLE_DEBUG_INFO = NO;
				MTL_FAST_MATH = YES;
				SDKROOT = iphoneos;
				SWIFT_COMPILATION_MODE = wholemodule;
				SWIFT_OPTIMIZATION_LEVEL = "-O";
				VALIDATE_PRODUCT = YES;
			};
			name = Release;
		};
		E38052E32660E2210093EDA8 /* Debug */ = {
			isa = XCBuildConfiguration;
			buildSettings = {
				ASSETCATALOG_COMPILER_APPICON_NAME = AppIcon;
				ASSETCATALOG_COMPILER_GLOBAL_ACCENT_COLOR_NAME = AccentColor;
				CODE_SIGN_STYLE = Automatic;
				INFOPLIST_FILE = Blogs/SupportFiles/Info.plist;
				LD_RUNPATH_SEARCH_PATHS = (
					"$(inherited)",
					"@executable_path/Frameworks",
				);
				PRODUCT_BUNDLE_IDENTIFIER = com.dh.Blogs;
				PRODUCT_NAME = "$(TARGET_NAME)";
				SWIFT_VERSION = 5.0;
				TARGETED_DEVICE_FAMILY = "1,2";
			};
			name = Debug;
		};
		E38052E42660E2210093EDA8 /* Release */ = {
			isa = XCBuildConfiguration;
			buildSettings = {
				ASSETCATALOG_COMPILER_APPICON_NAME = AppIcon;
				ASSETCATALOG_COMPILER_GLOBAL_ACCENT_COLOR_NAME = AccentColor;
				CODE_SIGN_STYLE = Automatic;
				INFOPLIST_FILE = Blogs/SupportFiles/Info.plist;
				LD_RUNPATH_SEARCH_PATHS = (
					"$(inherited)",
					"@executable_path/Frameworks",
				);
				PRODUCT_BUNDLE_IDENTIFIER = com.dh.Blogs;
				PRODUCT_NAME = "$(TARGET_NAME)";
				SWIFT_VERSION = 5.0;
				TARGETED_DEVICE_FAMILY = "1,2";
			};
			name = Release;
		};
		E38052E62660E2210093EDA8 /* Debug */ = {
			isa = XCBuildConfiguration;
			buildSettings = {
				ALWAYS_EMBED_SWIFT_STANDARD_LIBRARIES = YES;
				BUNDLE_LOADER = "$(TEST_HOST)";
				CODE_SIGN_STYLE = Automatic;
				INFOPLIST_FILE = BlogsTests/SupportFiles/Info.plist;
				IPHONEOS_DEPLOYMENT_TARGET = 14.5;
				LD_RUNPATH_SEARCH_PATHS = (
					"$(inherited)",
					"@executable_path/Frameworks",
					"@loader_path/Frameworks",
				);
				PRODUCT_BUNDLE_IDENTIFIER = com.dh.BlogsTests;
				PRODUCT_NAME = "$(TARGET_NAME)";
				SWIFT_VERSION = 5.0;
				TARGETED_DEVICE_FAMILY = "1,2";
				TEST_HOST = "$(BUILT_PRODUCTS_DIR)/Blogs.app/Blogs";
			};
			name = Debug;
		};
		E38052E72660E2210093EDA8 /* Release */ = {
			isa = XCBuildConfiguration;
			buildSettings = {
				ALWAYS_EMBED_SWIFT_STANDARD_LIBRARIES = YES;
				BUNDLE_LOADER = "$(TEST_HOST)";
				CODE_SIGN_STYLE = Automatic;
				INFOPLIST_FILE = BlogsTests/SupportFiles/Info.plist;
				IPHONEOS_DEPLOYMENT_TARGET = 14.5;
				LD_RUNPATH_SEARCH_PATHS = (
					"$(inherited)",
					"@executable_path/Frameworks",
					"@loader_path/Frameworks",
				);
				PRODUCT_BUNDLE_IDENTIFIER = com.dh.BlogsTests;
				PRODUCT_NAME = "$(TARGET_NAME)";
				SWIFT_VERSION = 5.0;
				TARGETED_DEVICE_FAMILY = "1,2";
				TEST_HOST = "$(BUILT_PRODUCTS_DIR)/Blogs.app/Blogs";
			};
			name = Release;
		};
		E38052E92660E2210093EDA8 /* Debug */ = {
			isa = XCBuildConfiguration;
			buildSettings = {
				ALWAYS_EMBED_SWIFT_STANDARD_LIBRARIES = YES;
				CODE_SIGN_STYLE = Automatic;
				INFOPLIST_FILE = BlogsUITests/SupportFiles/Info.plist;
				LD_RUNPATH_SEARCH_PATHS = (
					"$(inherited)",
					"@executable_path/Frameworks",
					"@loader_path/Frameworks",
				);
				PRODUCT_BUNDLE_IDENTIFIER = com.dh.BlogsUITests;
				PRODUCT_NAME = "$(TARGET_NAME)";
				SWIFT_VERSION = 5.0;
				TARGETED_DEVICE_FAMILY = "1,2";
				TEST_TARGET_NAME = Blogs;
			};
			name = Debug;
		};
		E38052EA2660E2210093EDA8 /* Release */ = {
			isa = XCBuildConfiguration;
			buildSettings = {
				ALWAYS_EMBED_SWIFT_STANDARD_LIBRARIES = YES;
				CODE_SIGN_STYLE = Automatic;
				INFOPLIST_FILE = BlogsUITests/SupportFiles/Info.plist;
				LD_RUNPATH_SEARCH_PATHS = (
					"$(inherited)",
					"@executable_path/Frameworks",
					"@loader_path/Frameworks",
				);
				PRODUCT_BUNDLE_IDENTIFIER = com.dh.BlogsUITests;
				PRODUCT_NAME = "$(TARGET_NAME)";
				SWIFT_VERSION = 5.0;
				TARGETED_DEVICE_FAMILY = "1,2";
				TEST_TARGET_NAME = Blogs;
			};
			name = Release;
		};
/* End XCBuildConfiguration section */

/* Begin XCConfigurationList section */
		E38052B32660E21D0093EDA8 /* Build configuration list for PBXProject "Blogs" */ = {
			isa = XCConfigurationList;
			buildConfigurations = (
				E38052E02660E2210093EDA8 /* Debug */,
				E38052E12660E2210093EDA8 /* Release */,
			);
			defaultConfigurationIsVisible = 0;
			defaultConfigurationName = Release;
		};
		E38052E22660E2210093EDA8 /* Build configuration list for PBXNativeTarget "Blogs" */ = {
			isa = XCConfigurationList;
			buildConfigurations = (
				E38052E32660E2210093EDA8 /* Debug */,
				E38052E42660E2210093EDA8 /* Release */,
			);
			defaultConfigurationIsVisible = 0;
			defaultConfigurationName = Release;
		};
		E38052E52660E2210093EDA8 /* Build configuration list for PBXNativeTarget "BlogsTests" */ = {
			isa = XCConfigurationList;
			buildConfigurations = (
				E38052E62660E2210093EDA8 /* Debug */,
				E38052E72660E2210093EDA8 /* Release */,
			);
			defaultConfigurationIsVisible = 0;
			defaultConfigurationName = Release;
		};
		E38052E82660E2210093EDA8 /* Build configuration list for PBXNativeTarget "BlogsUITests" */ = {
			isa = XCConfigurationList;
			buildConfigurations = (
				E38052E92660E2210093EDA8 /* Debug */,
				E38052EA2660E2210093EDA8 /* Release */,
			);
			defaultConfigurationIsVisible = 0;
			defaultConfigurationName = Release;
		};
/* End XCConfigurationList section */
	};
	rootObject = E38052B02660E21D0093EDA8 /* Project object */;
}
